
Microsoft Visual Studio Solution File, Format Version 12.00
Project("{FAE04EC0-301F-11D3-BF4B-00C04F79EFBC}") = "ChargeIT", "ChargeIT\ChargeIT.csproj", "{4DBB9761-30A2-435F-AE35-7B59F1670C4E}"
EndProject
Global
	GlobalSection(SolutionConfigurationPlatforms) = preSolution
		Debug|Any CPU = Debug|Any CPU
		Release|Any CPU = Release|Any CPU
	EndGlobalSection
	GlobalSection(ProjectConfigurationPlatforms) = postSolution
		{4DBB9761-30A2-435F-AE35-7B59F1670C4E}.Debug|Any CPU.ActiveCfg = Debug|Any CPU
		{4DBB9761-30A2-435F-AE35-7B59F1670C4E}.Debug|Any CPU.Build.0 = Debug|Any CPU
		{4DBB9761-30A2-435F-AE35-7B59F1670C4E}.Release|Any CPU.ActiveCfg = Release|Any CPU
		{4DBB9761-30A2-435F-AE35-7B59F1670C4E}.Release|Any CPU.Build.0 = Release|Any CPU
	EndGlobalSection
EndGlobal
